PODS:
  - RelativeConstraintManager (1.0)

DEPENDENCIES:
  - RelativeConstraintManager (from `../`)

EXTERNAL SOURCES:
  RelativeConstraintManager:
    :path: ../

SPEC CHECKSUMS:
  RelativeConstraintManager: 36dd630cedd8968d2a5fbc482296bdcfbd7d7496

PODFILE CHECKSUM: 502f1b4c32c7d4a8c73a1f47297fc5c52269bd6d

COCOAPODS: 1.2.1
