PODS:
  - RelativeConstraintManager (0.1.0)

DEPENDENCIES:
  - RelativeConstraintManager (from `../`)

EXTERNAL SOURCES:
  RelativeConstraintManager:
    :path: ../

SPEC CHECKSUMS:
  RelativeConstraintManager: 8f0dd945e13f74ad5488a48f3710a7f3566c91da

PODFILE CHECKSUM: 502f1b4c32c7d4a8c73a1f47297fc5c52269bd6d

COCOAPODS: 1.2.1
